
Microsoft Visual Studio Solution File, Format Version 12.00
# Visual Studio Version 17
VisualStudioVersion = 17.11.35222.181
MinimumVisualStudioVersion = 10.0.40219.1
Project("{FAE04EC0-301F-11D3-BF4B-00C04F79EFBC}") = "DAW.PC1.API", "DAW.PC1.API\DAW.PC1.API.csproj", "{49B41F41-9B9E-458E-A977-277496F9E01F}"
EndProject
Project("{FAE04EC0-301F-11D3-BF4B-00C04F79EFBC}") = "DAW.PC1.DOMAIN", "DAW.PC1.DOMAIN\DAW.PC1.DOMAIN.csproj", "{7DB040F5-6709-4A8C-BAD0-A803EC31B2A4}"
EndProject
Global
	GlobalSection(SolutionConfigurationPlatforms) = preSolution
		Debug|Any CPU = Debug|Any CPU
		Release|Any CPU = Release|Any CPU
	EndGlobalSection
	GlobalSection(ProjectConfigurationPlatforms) = postSolution
		{49B41F41-9B9E-458E-A977-277496F9E01F}.Debug|Any CPU.ActiveCfg = Debug|Any CPU
		{49B41F41-9B9E-458E-A977-277496F9E01F}.Debug|Any CPU.Build.0 = Debug|Any CPU
		{49B41F41-9B9E-458E-A977-277496F9E01F}.Release|Any CPU.ActiveCfg = Release|Any CPU
		{49B41F41-9B9E-458E-A977-277496F9E01F}.Release|Any CPU.Build.0 = Release|Any CPU
		{7DB040F5-6709-4A8C-BAD0-A803EC31B2A4}.Debug|Any CPU.ActiveCfg = Debug|Any CPU
		{7DB040F5-6709-4A8C-BAD0-A803EC31B2A4}.Debug|Any CPU.Build.0 = Debug|Any CPU
		{7DB040F5-6709-4A8C-BAD0-A803EC31B2A4}.Release|Any CPU.ActiveCfg = Release|Any CPU
		{7DB040F5-6709-4A8C-BAD0-A803EC31B2A4}.Release|Any CPU.Build.0 = Release|Any CPU
	EndGlobalSection
	GlobalSection(SolutionProperties) = preSolution
		HideSolutionNode = FALSE
	EndGlobalSection
	GlobalSection(ExtensibilityGlobals) = postSolution
		SolutionGuid = {47345FAF-E7D7-4DAB-8842-BF665F9A760E}
	EndGlobalSection
EndGlobal
